
Microsoft Visual Studio Solution File, Format Version 12.00
# Visual Studio Version 16
VisualStudioVersion = 16.0.29613.14
MinimumVisualStudioVersion = 15.0.26124.0
Project("{2150E333-8FDC-42A3-9474-1A3956D46DE8}") = "src", "src", "{6FD3AF6A-7CB8-4F9B-B86D-99A2622AD4ED}"
EndProject
Project("{FAE04EC0-301F-11D3-BF4B-00C04F79EFBC}") = "FoodApp.Domain", "src\FoodApp.Domain\FoodApp.Domain.csproj", "{0DC0295A-F4A4-4082-8B96-BF6FB841349D}"
EndProject
Project("{FAE04EC0-301F-11D3-BF4B-00C04F79EFBC}") = "FoodApp.Application", "src\FoodApp.Application\FoodApp.Application.csproj", "{EBEB4306-F610-4A22-879C-3D313C58F550}"
EndProject
Project("{FAE04EC0-301F-11D3-BF4B-00C04F79EFBC}") = "FoddApp.Infrastructure", "src\FoddApp.Infrastructure\FoddApp.Infrastructure.csproj", "{32928E46-F652-4B0A-B158-D742131D0CE1}"
EndProject
Global
	GlobalSection(SolutionConfigurationPlatforms) = preSolution
		Debug|Any CPU = Debug|Any CPU
		Debug|x64 = Debug|x64
		Debug|x86 = Debug|x86
		Release|Any CPU = Release|Any CPU
		Release|x64 = Release|x64
		Release|x86 = Release|x86
	EndGlobalSection
	GlobalSection(ProjectConfigurationPlatforms) = postSolution
		{0DC0295A-F4A4-4082-8B96-BF6FB841349D}.Debug|Any CPU.ActiveCfg = Debug|Any CPU
		{0DC0295A-F4A4-4082-8B96-BF6FB841349D}.Debug|Any CPU.Build.0 = Debug|Any CPU
		{0DC0295A-F4A4-4082-8B96-BF6FB841349D}.Debug|x64.ActiveCfg = Debug|Any CPU
		{0DC0295A-F4A4-4082-8B96-BF6FB841349D}.Debug|x64.Build.0 = Debug|Any CPU
		{0DC0295A-F4A4-4082-8B96-BF6FB841349D}.Debug|x86.ActiveCfg = Debug|Any CPU
		{0DC0295A-F4A4-4082-8B96-BF6FB841349D}.Debug|x86.Build.0 = Debug|Any CPU
		{0DC0295A-F4A4-4082-8B96-BF6FB841349D}.Release|Any CPU.ActiveCfg = Release|Any CPU
		{0DC0295A-F4A4-4082-8B96-BF6FB841349D}.Release|Any CPU.Build.0 = Release|Any CPU
		{0DC0295A-F4A4-4082-8B96-BF6FB841349D}.Release|x64.ActiveCfg = Release|Any CPU
		{0DC0295A-F4A4-4082-8B96-BF6FB841349D}.Release|x64.Build.0 = Release|Any CPU
		{0DC0295A-F4A4-4082-8B96-BF6FB841349D}.Release|x86.ActiveCfg = Release|Any CPU
		{0DC0295A-F4A4-4082-8B96-BF6FB841349D}.Release|x86.Build.0 = Release|Any CPU
		{EBEB4306-F610-4A22-879C-3D313C58F550}.Debug|Any CPU.ActiveCfg = Debug|Any CPU
		{EBEB4306-F610-4A22-879C-3D313C58F550}.Debug|Any CPU.Build.0 = Debug|Any CPU
		{EBEB4306-F610-4A22-879C-3D313C58F550}.Debug|x64.ActiveCfg = Debug|Any CPU
		{EBEB4306-F610-4A22-879C-3D313C58F550}.Debug|x64.Build.0 = Debug|Any CPU
		{EBEB4306-F610-4A22-879C-3D313C58F550}.Debug|x86.ActiveCfg = Debug|Any CPU
		{EBEB4306-F610-4A22-879C-3D313C58F550}.Debug|x86.Build.0 = Debug|Any CPU
		{EBEB4306-F610-4A22-879C-3D313C58F550}.Release|Any CPU.ActiveCfg = Release|Any CPU
		{EBEB4306-F610-4A22-879C-3D313C58F550}.Release|Any CPU.Build.0 = Release|Any CPU
		{EBEB4306-F610-4A22-879C-3D313C58F550}.Release|x64.ActiveCfg = Release|Any CPU
		{EBEB4306-F610-4A22-879C-3D313C58F550}.Release|x64.Build.0 = Release|Any CPU
		{EBEB4306-F610-4A22-879C-3D313C58F550}.Release|x86.ActiveCfg = Release|Any CPU
		{EBEB4306-F610-4A22-879C-3D313C58F550}.Release|x86.Build.0 = Release|Any CPU
		{32928E46-F652-4B0A-B158-D742131D0CE1}.Debug|Any CPU.ActiveCfg = Debug|Any CPU
		{32928E46-F652-4B0A-B158-D742131D0CE1}.Debug|Any CPU.Build.0 = Debug|Any CPU
		{32928E46-F652-4B0A-B158-D742131D0CE1}.Debug|x64.ActiveCfg = Debug|Any CPU
		{32928E46-F652-4B0A-B158-D742131D0CE1}.Debug|x64.Build.0 = Debug|Any CPU
		{32928E46-F652-4B0A-B158-D742131D0CE1}.Debug|x86.ActiveCfg = Debug|Any CPU
		{32928E46-F652-4B0A-B158-D742131D0CE1}.Debug|x86.Build.0 = Debug|Any CPU
		{32928E46-F652-4B0A-B158-D742131D0CE1}.Release|Any CPU.ActiveCfg = Release|Any CPU
		{32928E46-F652-4B0A-B158-D742131D0CE1}.Release|Any CPU.Build.0 = Release|Any CPU
		{32928E46-F652-4B0A-B158-D742131D0CE1}.Release|x64.ActiveCfg = Release|Any CPU
		{32928E46-F652-4B0A-B158-D742131D0CE1}.Release|x64.Build.0 = Release|Any CPU
		{32928E46-F652-4B0A-B158-D742131D0CE1}.Release|x86.ActiveCfg = Release|Any CPU
		{32928E46-F652-4B0A-B158-D742131D0CE1}.Release|x86.Build.0 = Release|Any CPU
	EndGlobalSection
	GlobalSection(SolutionProperties) = preSolution
		HideSolutionNode = FALSE
	EndGlobalSection
	GlobalSection(NestedProjects) = preSolution
		{0DC0295A-F4A4-4082-8B96-BF6FB841349D} = {6FD3AF6A-7CB8-4F9B-B86D-99A2622AD4ED}
		{EBEB4306-F610-4A22-879C-3D313C58F550} = {6FD3AF6A-7CB8-4F9B-B86D-99A2622AD4ED}
		{32928E46-F652-4B0A-B158-D742131D0CE1} = {6FD3AF6A-7CB8-4F9B-B86D-99A2622AD4ED}
	EndGlobalSection
	GlobalSection(ExtensibilityGlobals) = postSolution
		SolutionGuid = {E86D1508-A29B-4AF6-BB7D-0DE48228ABC9}
	EndGlobalSection
EndGlobal
